# This file is automatically @generated by Poetry 2.2.1 and should not be changed by hand.

[[package]]
name = "asciinema"
version = "2.4.0"
description = "Terminal session recorder"
optional = false
python-versions = "*"
groups = ["main"]
files = [
    {file = "asciinema-2.4.0-py3-none-any.whl", hash = "sha256:249ccf108509d643ddaf38979dac48c99e9e251f597173d8553a30d7a6423104"},
    {file = "asciinema-2.4.0.tar.gz", hash = "sha256:828e04c36ba622a7b8f8f912c8f0c1329538b6c7ed1c0d1b131bbbfe3a221707"},
]

[[package]]
name = "prompt"
version = "0.4.1"
description = "Library for prompting input on the command line."
optional = false
python-versions = ">=3.3"
groups = ["main"]
files = [
    {file = "prompt-0.4.1-py3-none-any.whl", hash = "sha256:98527de8dc3f0aa29669a39fbffeaf578ba6654dc836f737b6a5c6f9279002b7"},
    {file = "prompt-0.4.1.tar.gz", hash = "sha256:8a7694b88f8c65188a983315e72582bf42fcc251b97042be1d2a2ad1aa0ebe0e"},
]

[metadata]
lock-version = "2.1"
python-versions = "^3.13"
content-hash = "e8617f761594f2581f6533de5bc589b0134d552f5ad902b6250d8e76c63f5173"
